
Microsoft Visual Studio Solution File, Format Version 12.00
# Visual Studio 14
VisualStudioVersion = 14.0.25420.1
MinimumVisualStudioVersion = 10.0.40219.1
Project("{2150E333-8FDC-42A3-9474-1A3956D46DE8}") = "src", "src", "{2704B8EF-40B6-4073-88BD-54D42897EBC9}"
EndProject
Project("{2150E333-8FDC-42A3-9474-1A3956D46DE8}") = "Solution Items", "Solution Items", "{13B28D93-0AA4-41BA-A767-D375F9D35B06}"
	ProjectSection(SolutionItems) = preProject
		global.json = global.json
	EndProjectSection
EndProject
Project("{8BB2217D-0F2D-49D1-97BC-3654ED321F3B}") = "MessageProto", "src\MessageProto\MessageProto.xproj", "{265FF11B-3628-4EB7-AD59-E7A71D04BE91}"
EndProject
Project("{8BB2217D-0F2D-49D1-97BC-3654ED321F3B}") = "MessageProto.Data", "src\MessageProto.Data\MessageProto.Data.xproj", "{6B03696F-2161-498B-A5C5-E3765BC31E3B}"
EndProject
Project("{8BB2217D-0F2D-49D1-97BC-3654ED321F3B}") = "MessageProto.Domain", "src\MessageProto.Domain\MessageProto.Domain.xproj", "{7ACB4C8B-1D31-477B-82D5-8E87F5D442F3}"
EndProject
Project("{8BB2217D-0F2D-49D1-97BC-3654ED321F3B}") = "Insellerate.Infastructure", "src\Insellerate.Infastructure\Insellerate.Infastructure.xproj", "{F57B4978-44F1-47D1-827B-7348DAD950A2}"
EndProject
Project("{8BB2217D-0F2D-49D1-97BC-3654ED321F3B}") = "Insellerate.Data.Core", "src\Insellerate.Data.Core\Insellerate.Data.Core.xproj", "{8E7D33EA-117D-4F76-943A-8A1207695DDE}"
EndProject
Project("{2150E333-8FDC-42A3-9474-1A3956D46DE8}") = "Core", "Core", "{7290DDD3-8C6D-4F2A-945F-85D74ECEBFEA}"
EndProject
Global
	GlobalSection(SolutionConfigurationPlatforms) = preSolution
		Debug|Any CPU = Debug|Any CPU
		Release|Any CPU = Release|Any CPU
	EndGlobalSection
	GlobalSection(ProjectConfigurationPlatforms) = postSolution
		{265FF11B-3628-4EB7-AD59-E7A71D04BE91}.Debug|Any CPU.ActiveCfg = Debug|Any CPU
		{265FF11B-3628-4EB7-AD59-E7A71D04BE91}.Debug|Any CPU.Build.0 = Debug|Any CPU
		{265FF11B-3628-4EB7-AD59-E7A71D04BE91}.Release|Any CPU.ActiveCfg = Release|Any CPU
		{265FF11B-3628-4EB7-AD59-E7A71D04BE91}.Release|Any CPU.Build.0 = Release|Any CPU
		{6B03696F-2161-498B-A5C5-E3765BC31E3B}.Debug|Any CPU.ActiveCfg = Debug|Any CPU
		{6B03696F-2161-498B-A5C5-E3765BC31E3B}.Debug|Any CPU.Build.0 = Debug|Any CPU
		{6B03696F-2161-498B-A5C5-E3765BC31E3B}.Release|Any CPU.ActiveCfg = Release|Any CPU
		{6B03696F-2161-498B-A5C5-E3765BC31E3B}.Release|Any CPU.Build.0 = Release|Any CPU
		{7ACB4C8B-1D31-477B-82D5-8E87F5D442F3}.Debug|Any CPU.ActiveCfg = Debug|Any CPU
		{7ACB4C8B-1D31-477B-82D5-8E87F5D442F3}.Debug|Any CPU.Build.0 = Debug|Any CPU
		{7ACB4C8B-1D31-477B-82D5-8E87F5D442F3}.Release|Any CPU.ActiveCfg = Release|Any CPU
		{7ACB4C8B-1D31-477B-82D5-8E87F5D442F3}.Release|Any CPU.Build.0 = Release|Any CPU
		{F57B4978-44F1-47D1-827B-7348DAD950A2}.Debug|Any CPU.ActiveCfg = Debug|Any CPU
		{F57B4978-44F1-47D1-827B-7348DAD950A2}.Debug|Any CPU.Build.0 = Debug|Any CPU
		{F57B4978-44F1-47D1-827B-7348DAD950A2}.Release|Any CPU.ActiveCfg = Release|Any CPU
		{F57B4978-44F1-47D1-827B-7348DAD950A2}.Release|Any CPU.Build.0 = Release|Any CPU
		{8E7D33EA-117D-4F76-943A-8A1207695DDE}.Debug|Any CPU.ActiveCfg = Debug|Any CPU
		{8E7D33EA-117D-4F76-943A-8A1207695DDE}.Debug|Any CPU.Build.0 = Debug|Any CPU
		{8E7D33EA-117D-4F76-943A-8A1207695DDE}.Release|Any CPU.ActiveCfg = Release|Any CPU
		{8E7D33EA-117D-4F76-943A-8A1207695DDE}.Release|Any CPU.Build.0 = Release|Any CPU
	EndGlobalSection
	GlobalSection(SolutionProperties) = preSolution
		HideSolutionNode = FALSE
	EndGlobalSection
	GlobalSection(NestedProjects) = preSolution
		{265FF11B-3628-4EB7-AD59-E7A71D04BE91} = {2704B8EF-40B6-4073-88BD-54D42897EBC9}
		{6B03696F-2161-498B-A5C5-E3765BC31E3B} = {2704B8EF-40B6-4073-88BD-54D42897EBC9}
		{7ACB4C8B-1D31-477B-82D5-8E87F5D442F3} = {2704B8EF-40B6-4073-88BD-54D42897EBC9}
		{F57B4978-44F1-47D1-827B-7348DAD950A2} = {7290DDD3-8C6D-4F2A-945F-85D74ECEBFEA}
		{8E7D33EA-117D-4F76-943A-8A1207695DDE} = {7290DDD3-8C6D-4F2A-945F-85D74ECEBFEA}
		{7290DDD3-8C6D-4F2A-945F-85D74ECEBFEA} = {2704B8EF-40B6-4073-88BD-54D42897EBC9}
	EndGlobalSection
EndGlobal
